
Microsoft Visual Studio Solution File, Format Version 12.00
# Visual Studio Version 17
VisualStudioVersion = 17.10.35122.118
MinimumVisualStudioVersion = 10.0.40219.1
Project("{FAE04EC0-301F-11D3-BF4B-00C04F79EFBC}") = "ClassLibrary1", "ClassLibrary1.csproj", "{677F1BB4-E1C1-4F62-8310-036589F63957}"
EndProject
Global
	GlobalSection(SolutionConfigurationPlatforms) = preSolution
		Debug|Any CPU = Debug|Any CPU
		Release|Any CPU = Release|Any CPU
	EndGlobalSection
	GlobalSection(ProjectConfigurationPlatforms) = postSolution
		{677F1BB4-E1C1-4F62-8310-036589F63957}.Debug|Any CPU.ActiveCfg = Debug|Any CPU
		{677F1BB4-E1C1-4F62-8310-036589F63957}.Debug|Any CPU.Build.0 = Debug|Any CPU
		{677F1BB4-E1C1-4F62-8310-036589F63957}.Release|Any CPU.ActiveCfg = Release|Any CPU
		{677F1BB4-E1C1-4F62-8310-036589F63957}.Release|Any CPU.Build.0 = Release|Any CPU
	EndGlobalSection
	GlobalSection(SolutionProperties) = preSolution
		HideSolutionNode = FALSE
	EndGlobalSection
	GlobalSection(ExtensibilityGlobals) = postSolution
		SolutionGuid = {572330C7-4377-4F4B-9643-16A90813BFB4}
	EndGlobalSection
EndGlobal
