
Microsoft Visual Studio Solution File, Format Version 12.00
# Visual Studio Version 17
VisualStudioVersion = 17.10.35122.118
MinimumVisualStudioVersion = 10.0.40219.1
Project("{FAE04EC0-301F-11D3-BF4B-00C04F79EFBC}") = "UnitTestProject_Module02", "UnitTestProject_Module02.csproj", "{9E91C446-0B20-4483-8986-CD237AB79184}"
EndProject
Global
	GlobalSection(SolutionConfigurationPlatforms) = preSolution
		Debug|Any CPU = Debug|Any CPU
		Release|Any CPU = Release|Any CPU
	EndGlobalSection
	GlobalSection(ProjectConfigurationPlatforms) = postSolution
		{9E91C446-0B20-4483-8986-CD237AB79184}.Debug|Any CPU.ActiveCfg = Debug|Any CPU
		{9E91C446-0B20-4483-8986-CD237AB79184}.Debug|Any CPU.Build.0 = Debug|Any CPU
		{9E91C446-0B20-4483-8986-CD237AB79184}.Release|Any CPU.ActiveCfg = Release|Any CPU
		{9E91C446-0B20-4483-8986-CD237AB79184}.Release|Any CPU.Build.0 = Release|Any CPU
	EndGlobalSection
	GlobalSection(SolutionProperties) = preSolution
		HideSolutionNode = FALSE
	EndGlobalSection
	GlobalSection(ExtensibilityGlobals) = postSolution
		SolutionGuid = {6797D196-6455-4194-81F2-057D6AE54EF4}
	EndGlobalSection
EndGlobal
